
Microsoft Visual Studio Solution File, Format Version 12.00
Project("{FAE04EC0-301F-11D3-BF4B-00C04F79EFBC}") = "TurboCollections", "TurboCollections\TurboCollections.csproj", "{52823439-21DC-4977-A8A9-3565CD275804}"
EndProject
Project("{FAE04EC0-301F-11D3-BF4B-00C04F79EFBC}") = "CustomerManagement", "CustomerManagement\CustomerManagement.csproj", "{11E78E9F-5A65-4EB2-9CEC-8BF1E97BD1B8}"
EndProject
Project("{FAE04EC0-301F-11D3-BF4B-00C04F79EFBC}") = "TurboCollections.Test", "TurboCollections.Test\TurboCollections.Test.csproj", "{B88C77A8-00CE-4116-AF90-641A362FF887}"
EndProject
Global
	GlobalSection(SolutionConfigurationPlatforms) = preSolution
		Debug|Any CPU = Debug|Any CPU
		Release|Any CPU = Release|Any CPU
	EndGlobalSection
	GlobalSection(ProjectConfigurationPlatforms) = postSolution
		{52823439-21DC-4977-A8A9-3565CD275804}.Debug|Any CPU.ActiveCfg = Debug|Any CPU
		{52823439-21DC-4977-A8A9-3565CD275804}.Debug|Any CPU.Build.0 = Debug|Any CPU
		{52823439-21DC-4977-A8A9-3565CD275804}.Release|Any CPU.ActiveCfg = Release|Any CPU
		{52823439-21DC-4977-A8A9-3565CD275804}.Release|Any CPU.Build.0 = Release|Any CPU
		{11E78E9F-5A65-4EB2-9CEC-8BF1E97BD1B8}.Debug|Any CPU.ActiveCfg = Debug|Any CPU
		{11E78E9F-5A65-4EB2-9CEC-8BF1E97BD1B8}.Debug|Any CPU.Build.0 = Debug|Any CPU
		{11E78E9F-5A65-4EB2-9CEC-8BF1E97BD1B8}.Release|Any CPU.ActiveCfg = Release|Any CPU
		{11E78E9F-5A65-4EB2-9CEC-8BF1E97BD1B8}.Release|Any CPU.Build.0 = Release|Any CPU
		{B88C77A8-00CE-4116-AF90-641A362FF887}.Debug|Any CPU.ActiveCfg = Debug|Any CPU
		{B88C77A8-00CE-4116-AF90-641A362FF887}.Debug|Any CPU.Build.0 = Debug|Any CPU
		{B88C77A8-00CE-4116-AF90-641A362FF887}.Release|Any CPU.ActiveCfg = Release|Any CPU
		{B88C77A8-00CE-4116-AF90-641A362FF887}.Release|Any CPU.Build.0 = Release|Any CPU
	EndGlobalSection
EndGlobal
